
Microsoft Visual Studio Solution File, Format Version 12.00
# Visual Studio Version 16
VisualStudioVersion = 16.0.30320.27
MinimumVisualStudioVersion = 10.0.40219.1
Project("{9A19103F-16F7-4668-BE54-9A1E7A4F7556}") = "WebApi", "UrlShortner\WebApi.csproj", "{682A9161-4E6E-44A3-8F37-4EB364A4B2D1}"
EndProject
Project("{9A19103F-16F7-4668-BE54-9A1E7A4F7556}") = "Services", "US.Services\Services.csproj", "{9D89A1BF-0AC1-44E5-99B7-200E01E0BA8A}"
EndProject
Project("{9A19103F-16F7-4668-BE54-9A1E7A4F7556}") = "Domain", "US.Domain\Domain.csproj", "{B8F6ED4F-A145-428C-AF9B-C2824D389CE7}"
EndProject
Project("{2150E333-8FDC-42A3-9474-1A3956D46DE8}") = "Tests", "Tests", "{1B340B1C-B346-474B-BA87-DE1C95935669}"
EndProject
Project("{FAE04EC0-301F-11D3-BF4B-00C04F79EFBC}") = "Services.Unit.Tests", "Services.Unit.Tests\Services.Unit.Tests.csproj", "{0772A306-32F8-428F-95F6-72C92EDFF78D}"
EndProject
Global
	GlobalSection(SolutionConfigurationPlatforms) = preSolution
		Debug|Any CPU = Debug|Any CPU
		Release|Any CPU = Release|Any CPU
	EndGlobalSection
	GlobalSection(ProjectConfigurationPlatforms) = postSolution
		{682A9161-4E6E-44A3-8F37-4EB364A4B2D1}.Debug|Any CPU.ActiveCfg = Debug|Any CPU
		{682A9161-4E6E-44A3-8F37-4EB364A4B2D1}.Debug|Any CPU.Build.0 = Debug|Any CPU
		{682A9161-4E6E-44A3-8F37-4EB364A4B2D1}.Release|Any CPU.ActiveCfg = Release|Any CPU
		{682A9161-4E6E-44A3-8F37-4EB364A4B2D1}.Release|Any CPU.Build.0 = Release|Any CPU
		{9D89A1BF-0AC1-44E5-99B7-200E01E0BA8A}.Debug|Any CPU.ActiveCfg = Debug|Any CPU
		{9D89A1BF-0AC1-44E5-99B7-200E01E0BA8A}.Debug|Any CPU.Build.0 = Debug|Any CPU
		{9D89A1BF-0AC1-44E5-99B7-200E01E0BA8A}.Release|Any CPU.ActiveCfg = Release|Any CPU
		{9D89A1BF-0AC1-44E5-99B7-200E01E0BA8A}.Release|Any CPU.Build.0 = Release|Any CPU
		{B8F6ED4F-A145-428C-AF9B-C2824D389CE7}.Debug|Any CPU.ActiveCfg = Debug|Any CPU
		{B8F6ED4F-A145-428C-AF9B-C2824D389CE7}.Debug|Any CPU.Build.0 = Debug|Any CPU
		{B8F6ED4F-A145-428C-AF9B-C2824D389CE7}.Release|Any CPU.ActiveCfg = Release|Any CPU
		{B8F6ED4F-A145-428C-AF9B-C2824D389CE7}.Release|Any CPU.Build.0 = Release|Any CPU
		{0772A306-32F8-428F-95F6-72C92EDFF78D}.Debug|Any CPU.ActiveCfg = Debug|Any CPU
		{0772A306-32F8-428F-95F6-72C92EDFF78D}.Debug|Any CPU.Build.0 = Debug|Any CPU
		{0772A306-32F8-428F-95F6-72C92EDFF78D}.Release|Any CPU.ActiveCfg = Release|Any CPU
		{0772A306-32F8-428F-95F6-72C92EDFF78D}.Release|Any CPU.Build.0 = Release|Any CPU
	EndGlobalSection
	GlobalSection(SolutionProperties) = preSolution
		HideSolutionNode = FALSE
	EndGlobalSection
	GlobalSection(NestedProjects) = preSolution
		{0772A306-32F8-428F-95F6-72C92EDFF78D} = {1B340B1C-B346-474B-BA87-DE1C95935669}
	EndGlobalSection
	GlobalSection(ExtensibilityGlobals) = postSolution
		SolutionGuid = {4C5CA645-E53F-425C-9CBA-9534D885CBD3}
	EndGlobalSection
EndGlobal
